// !$*UTF8*$!
{
	archiveVersion = 1;
	classes = {
	};
	objectVersion = 46;
	objects = {

/* Begin PBXBuildFile section */
		002EC43014A0093A0005E68D /* UIKit.framework in Frameworks */ = {isa = PBXBuildFile; fileRef = 002EC42F14A0093A0005E68D /* UIKit.framework */; };
		002EC43214A0093A0005E68D /* Foundation.framework in Frameworks */ = {isa = PBXBuildFile; fileRef = 002EC43114A0093A0005E68D /* Foundation.framework */; };
		002EC43414A0093A0005E68D /* CoreGraphics.framework in Frameworks */ = {isa = PBXBuildFile; fileRef = 002EC43314A0093A0005E68D /* CoreGraphics.framework */; };
		002EC45314A0E2900005E68D /* QuartzCore.framework in Frameworks */ = {isa = PBXBuildFile; fileRef = 002EC45214A0E2900005E68D /* QuartzCore.framework */; };
		00935E2414BB2B3C0045F79E /* PHRefreshGestureRecognizer.h in Headers */ = {isa = PBXBuildFile; fileRef = 00935E1F14BB2B3C0045F79E /* PHRefreshGestureRecognizer.h */; };
		00935E2514BB2B3C0045F79E /* PHRefreshGestureRecognizer.m in Sources */ = {isa = PBXBuildFile; fileRef = 00935E2014BB2B3C0045F79E /* PHRefreshGestureRecognizer.m */; };
		00935E2614BB2B3C0045F79E /* PHRefreshGestureRecognizer.m in Sources */ = {isa = PBXBuildFile; fileRef = 00935E2014BB2B3C0045F79E /* PHRefreshGestureRecognizer.m */; };
		00935E2714BB2B3C0045F79E /* PHRefreshTriggerView.h in Headers */ = {isa = PBXBuildFile; fileRef = 00935E2114BB2B3C0045F79E /* PHRefreshTriggerView.h */; };
		00935E2814BB2B3C0045F79E /* PHRefreshTriggerView.m in Sources */ = {isa = PBXBuildFile; fileRef = 00935E2214BB2B3C0045F79E /* PHRefreshTriggerView.m */; };
		00935E2914BB2B3C0045F79E /* PHRefreshTriggerView.m in Sources */ = {isa = PBXBuildFile; fileRef = 00935E2214BB2B3C0045F79E /* PHRefreshTriggerView.m */; };
		00935E4A14BB2BA60045F79E /* blackArrow.png in Resources */ = {isa = PBXBuildFile; fileRef = 00935E4814BB2BA60045F79E /* blackArrow.png */; };
		00935E4B14BB2BA60045F79E /* blackArrow@2x.png in Resources */ = {isa = PBXBuildFile; fileRef = 00935E4914BB2BA60045F79E /* blackArrow@2x.png */; };
		00935E4C14BB2CB50045F79E /* main.m in Sources */ = {isa = PBXBuildFile; fileRef = 00935E3114BB2B780045F79E /* main.m */; };
		00935E4D14BB2CCC0045F79E /* PHAppDelegate.m in Sources */ = {isa = PBXBuildFile; fileRef = 00935E4014BB2B9B0045F79E /* PHAppDelegate.m */; };
		00935E4E14BB2CD30045F79E /* PHViewController.m in Sources */ = {isa = PBXBuildFile; fileRef = 00935E4214BB2B9B0045F79E /* PHViewController.m */; };
		00A1A8B014A1341500355AE2 /* Foundation.framework in Frameworks */ = {isa = PBXBuildFile; fileRef = 002EC43114A0093A0005E68D /* Foundation.framework */; };
/* End PBXBuildFile section */

/* Begin PBXFileReference section */
		002EC42B14A0093A0005E68D /* Test Application.app */ = {isa = PBXFileReference; explicitFileType = wrapper.application; includeInIndex = 0; path = "Test Application.app"; sourceTree = BUILT_PRODUCTS_DIR; };
		002EC42F14A0093A0005E68D /* UIKit.framework */ = {isa = PBXFileReference; lastKnownFileType = wrapper.framework; name = UIKit.framework; path = System/Library/Frameworks/UIKit.framework; sourceTree = SDKROOT; };
		002EC43114A0093A0005E68D /* Foundation.framework */ = {isa = PBXFileReference; lastKnownFileType = wrapper.framework; name = Foundation.framework; path = System/Library/Frameworks/Foundation.framework; sourceTree = SDKROOT; };
		002EC43314A0093A0005E68D /* CoreGraphics.framework */ = {isa = PBXFileReference; lastKnownFileType = wrapper.framework; name = CoreGraphics.framework; path = System/Library/Frameworks/CoreGraphics.framework; sourceTree = SDKROOT; };
		002EC45214A0E2900005E68D /* QuartzCore.framework */ = {isa = PBXFileReference; lastKnownFileType = wrapper.framework; name = QuartzCore.framework; path = System/Library/Frameworks/QuartzCore.framework; sourceTree = SDKROOT; };
		00935E1F14BB2B3C0045F79E /* PHRefreshGestureRecognizer.h */ = {isa = PBXFileReference; fileEncoding = 4; lastKnownFileType = sourcecode.c.h; name = PHRefreshGestureRecognizer.h; path = PHRefreshGestureRecognizer/PHRefreshGestureRecognizer.h; sourceTree = SOURCE_ROOT; };
		00935E2014BB2B3C0045F79E /* PHRefreshGestureRecognizer.m */ = {isa = PBXFileReference; fileEncoding = 4; lastKnownFileType = sourcecode.c.objc; name = PHRefreshGestureRecognizer.m; path = PHRefreshGestureRecognizer/PHRefreshGestureRecognizer.m; sourceTree = SOURCE_ROOT; };
		00935E2114BB2B3C0045F79E /* PHRefreshTriggerView.h */ = {isa = PBXFileReference; fileEncoding = 4; lastKnownFileType = sourcecode.c.h; name = PHRefreshTriggerView.h; path = PHRefreshGestureRecognizer/PHRefreshTriggerView.h; sourceTree = SOURCE_ROOT; };
		00935E2214BB2B3C0045F79E /* PHRefreshTriggerView.m */ = {isa = PBXFileReference; fileEncoding = 4; lastKnownFileType = sourcecode.c.objc; name = PHRefreshTriggerView.m; path = PHRefreshGestureRecognizer/PHRefreshTriggerView.m; sourceTree = SOURCE_ROOT; };
		00935E3114BB2B780045F79E /* main.m */ = {isa = PBXFileReference; fileEncoding = 4; lastKnownFileType = sourcecode.c.objc; name = main.m; path = "Test Application/main.m"; sourceTree = SOURCE_ROOT; };
		00935E3214BB2B780045F79E /* PHRefreshTriggerView-Info.plist */ = {isa = PBXFileReference; fileEncoding = 4; lastKnownFileType = text.plist.xml; name = "PHRefreshTriggerView-Info.plist"; path = "Test Application/PHRefreshTriggerView-Info.plist"; sourceTree = SOURCE_ROOT; };
		00935E3314BB2B780045F79E /* PHRefreshTriggerView-Prefix.pch */ = {isa = PBXFileReference; fileEncoding = 4; lastKnownFileType = sourcecode.c.h; name = "PHRefreshTriggerView-Prefix.pch"; path = "Test Application/PHRefreshTriggerView-Prefix.pch"; sourceTree = SOURCE_ROOT; };
		00935E3A14BB2B8E0045F79E /* en */ = {isa = PBXFileReference; lastKnownFileType = text.plist.strings; name = en; path = "Test Application/en.lproj/InfoPlist.strings"; sourceTree = SOURCE_ROOT; };
		00935E3C14BB2B8E0045F79E /* en */ = {isa = PBXFileReference; lastKnownFileType = file.xib; name = en; path = "Test Application/en.lproj/PHViewController.xib"; sourceTree = SOURCE_ROOT; };
		00935E3F14BB2B9B0045F79E /* PHAppDelegate.h */ = {isa = PBXFileReference; fileEncoding = 4; lastKnownFileType = sourcecode.c.h; name = PHAppDelegate.h; path = "Test Application/PHAppDelegate.h"; sourceTree = SOURCE_ROOT; };
		00935E4014BB2B9B0045F79E /* PHAppDelegate.m */ = {isa = PBXFileReference; fileEncoding = 4; lastKnownFileType = sourcecode.c.objc; name = PHAppDelegate.m; path = "Test Application/PHAppDelegate.m"; sourceTree = SOURCE_ROOT; };
		00935E4114BB2B9B0045F79E /* PHViewController.h */ = {isa = PBXFileReference; fileEncoding = 4; lastKnownFileType = sourcecode.c.h; name = PHViewController.h; path = "Test Application/PHViewController.h"; sourceTree = SOURCE_ROOT; };
		00935E4214BB2B9B0045F79E /* PHViewController.m */ = {isa = PBXFileReference; fileEncoding = 4; lastKnownFileType = sourcecode.c.objc; name = PHViewController.m; path = "Test Application/PHViewController.m"; sourceTree = SOURCE_ROOT; };
		00935E4814BB2BA60045F79E /* blackArrow.png */ = {isa = PBXFileReference; lastKnownFileType = image.png; path = blackArrow.png; sourceTree = "<group>"; };
		00935E4914BB2BA60045F79E /* blackArrow@2x.png */ = {isa = PBXFileReference; lastKnownFileType = image.png; path = "blackArrow@2x.png"; sourceTree = "<group>"; };
		00A1A8AF14A1341500355AE2 /* PHRefreshGestureRecognizer.framework */ = {isa = PBXFileReference; explicitFileType = wrapper.framework.static; includeInIndex = 0; path = PHRefreshGestureRecognizer.framework; sourceTree = BUILT_PRODUCTS_DIR; };
/* End PBXFileReference section */

/* Begin PBXFrameworksBuildPhase section */
		002EC42814A0093A0005E68D /* Frameworks */ = {
			isa = PBXFrameworksBuildPhase;
			buildActionMask = 2147483647;
			files = (
				002EC45314A0E2900005E68D /* QuartzCore.framework in Frameworks */,
				002EC43014A0093A0005E68D /* UIKit.framework in Frameworks */,
				002EC43214A0093A0005E68D /* Foundation.framework in Frameworks */,
				002EC43414A0093A0005E68D /* CoreGraphics.framework in Frameworks */,
			);
			runOnlyForDeploymentPostprocessing = 0;
		};
		00A1A8AA14A1341500355AE2 /* Frameworks */ = {
			isa = PBXFrameworksBuildPhase;
			buildActionMask = 2147483647;
			files = (
				00A1A8B014A1341500355AE2 /* Foundation.framework in Frameworks */,
			);
			runOnlyForDeploymentPostprocessing = 0;
		};
/* End PBXFrameworksBuildPhase section */

/* Begin PBXGroup section */
		002EC42014A0093A0005E68D = {
			isa = PBXGroup;
			children = (
				00A1A8C614A1349C00355AE2 /* PHRefreshGestureRecognizer */,
				002EC43514A0093A0005E68D /* Test Application */,
				002EC42E14A0093A0005E68D /* Frameworks */,
				002EC42C14A0093A0005E68D /* Products */,
			);
			sourceTree = "<group>";
		};
		002EC42C14A0093A0005E68D /* Products */ = {
			isa = PBXGroup;
			children = (
				002EC42B14A0093A0005E68D /* Test Application.app */,
				00A1A8AF14A1341500355AE2 /* PHRefreshGestureRecognizer.framework */,
			);
			name = Products;
			sourceTree = "<group>";
		};
		002EC42E14A0093A0005E68D /* Frameworks */ = {
			isa = PBXGroup;
			children = (
				002EC45214A0E2900005E68D /* QuartzCore.framework */,
				002EC42F14A0093A0005E68D /* UIKit.framework */,
				002EC43114A0093A0005E68D /* Foundation.framework */,
				002EC43314A0093A0005E68D /* CoreGraphics.framework */,
			);
			name = Frameworks;
			sourceTree = "<group>";
		};
		002EC43514A0093A0005E68D /* Test Application */ = {
			isa = PBXGroup;
			children = (
				00935E3F14BB2B9B0045F79E /* PHAppDelegate.h */,
				00935E4014BB2B9B0045F79E /* PHAppDelegate.m */,
				00935E4114BB2B9B0045F79E /* PHViewController.h */,
				00935E4214BB2B9B0045F79E /* PHViewController.m */,
				002EC43614A0093A0005E68D /* Supporting Files */,
			);
			name = "Test Application";
			path = PHRefreshTriggerView;
			sourceTree = "<group>";
		};
		002EC43614A0093A0005E68D /* Supporting Files */ = {
			isa = PBXGroup;
			children = (
				00935E3914BB2B8E0045F79E /* InfoPlist.strings */,
				00935E3B14BB2B8E0045F79E /* PHViewController.xib */,
				00935E3114BB2B780045F79E /* main.m */,
				00935E3214BB2B780045F79E /* PHRefreshTriggerView-Info.plist */,
				00935E3314BB2B780045F79E /* PHRefreshTriggerView-Prefix.pch */,
			);
			name = "Supporting Files";
			sourceTree = "<group>";
		};
		00935E4714BB2BA60045F79E /* resources */ = {
			isa = PBXGroup;
			children = (
				00935E4814BB2BA60045F79E /* blackArrow.png */,
				00935E4914BB2BA60045F79E /* blackArrow@2x.png */,
			);
			name = resources;
			path = PHRefreshGestureRecognizer/resources;
			sourceTree = SOURCE_ROOT;
		};
		00A1A8C614A1349C00355AE2 /* PHRefreshGestureRecognizer */ = {
			isa = PBXGroup;
			children = (
				00935E1F14BB2B3C0045F79E /* PHRefreshGestureRecognizer.h */,
				00935E2014BB2B3C0045F79E /* PHRefreshGestureRecognizer.m */,
				00935E2114BB2B3C0045F79E /* PHRefreshTriggerView.h */,
				00935E2214BB2B3C0045F79E /* PHRefreshTriggerView.m */,
				00935E4714BB2BA60045F79E /* resources */,
			);
			name = PHRefreshGestureRecognizer;
			path = PHRefreshTriggerView;
			sourceTree = "<group>";
		};
/* End PBXGroup section */

/* Begin PBXHeadersBuildPhase section */
		00A1A8AB14A1341500355AE2 /* Headers */ = {
			isa = PBXHeadersBuildPhase;
			buildActionMask = 2147483647;
			files = (
				00935E2414BB2B3C0045F79E /* PHRefreshGestureRecognizer.h in Headers */,
				00935E2714BB2B3C0045F79E /* PHRefreshTriggerView.h in Headers */,
			);
			runOnlyForDeploymentPostprocessing = 0;
		};
/* End PBXHeadersBuildPhase section */

/* Begin PBXNativeTarget section */
		002EC42A14A0093A0005E68D /* Test Application */ = {
			isa = PBXNativeTarget;
			buildConfigurationList = 002EC44914A0093A0005E68D /* Build configuration list for PBXNativeTarget "Test Application" */;
			buildPhases = (
				002EC42714A0093A0005E68D /* Sources */,
				002EC42814A0093A0005E68D /* Frameworks */,
				002EC42914A0093A0005E68D /* Resources */,
			);
			buildRules = (
			);
			dependencies = (
			);
			name = "Test Application";
			productName = PHRefreshTriggerView;
			productReference = 002EC42B14A0093A0005E68D /* Test Application.app */;
			productType = "com.apple.product-type.application";
		};
		00A1A8AE14A1341500355AE2 /* PHRefreshGestureRecognizer */ = {
			isa = PBXNativeTarget;
			buildConfigurationList = 00A1A8B814A1341500355AE2 /* Build configuration list for PBXNativeTarget "PHRefreshGestureRecognizer" */;
			buildPhases = (
				00A1A8A814A1341500355AE2 /* ShellScript */,
				00A1A8A914A1341500355AE2 /* Sources */,
				00A1A8AA14A1341500355AE2 /* Frameworks */,
				00A1A8AB14A1341500355AE2 /* Headers */,
				00A1A8AC14A1341500355AE2 /* Resources */,
				00A1A8AD14A1341500355AE2 /* ShellScript */,
			);
			buildRules = (
			);
			dependencies = (
			);
			name = PHRefreshGestureRecognizer;
			productName = PHRefreshGestureRecognizer;
			productReference = 00A1A8AF14A1341500355AE2 /* PHRefreshGestureRecognizer.framework */;
			productType = "com.apple.product-type.framework.static";
		};
/* End PBXNativeTarget section */

/* Begin PBXProject section */
		002EC42214A0093A0005E68D /* Project object */ = {
			isa = PBXProject;
			attributes = {
				LastUpgradeCheck = 0420;
				ORGANIZATIONNAME = "25th Avenue";
			};
			buildConfigurationList = 002EC42514A0093A0005E68D /* Build configuration list for PBXProject "PHRefreshTriggerView" */;
			compatibilityVersion = "Xcode 3.2";
			developmentRegion = English;
			hasScannedForEncodings = 0;
			knownRegions = (
				en,
			);
			mainGroup = 002EC42014A0093A0005E68D;
			productRefGroup = 002EC42C14A0093A0005E68D /* Products */;
			projectDirPath = "";
			projectRoot = "";
			targets = (
				002EC42A14A0093A0005E68D /* Test Application */,
				00A1A8AE14A1341500355AE2 /* PHRefreshGestureRecognizer */,
			);
		};
/* End PBXProject section */

/* Begin PBXResourcesBuildPhase section */
		002EC42914A0093A0005E68D /* Resources */ = {
			isa = PBXResourcesBuildPhase;
			buildActionMask = 2147483647;
			files = (
			);
			runOnlyForDeploymentPostprocessing = 0;
		};
		00A1A8AC14A1341500355AE2 /* Resources */ = {
			isa = PBXResourcesBuildPhase;
			buildActionMask = 2147483647;
			files = (
				00935E4A14BB2BA60045F79E /* blackArrow.png in Resources */,
				00935E4B14BB2BA60045F79E /* blackArrow@2x.png in Resources */,
			);
			runOnlyForDeploymentPostprocessing = 0;
		};
/* End PBXResourcesBuildPhase section */

/* Begin PBXShellScriptBuildPhase section */
		00A1A8A814A1341500355AE2 /* ShellScript */ = {
			isa = PBXShellScriptBuildPhase;
			buildActionMask = 2147483647;
			files = (
			);
			inputPaths = (
			);
			outputPaths = (
			);
			runOnlyForDeploymentPostprocessing = 0;
			shellPath = /bin/sh;
			shellScript = "set -e\n\nset +u\nif [[ $UFW_MASTER_SCRIPT_RUNNING ]]\nthen\n    # Nothing for the slave script to do\n    exit 0\nfi\nset -u\n\nif [[ \"$SDK_NAME\" =~ ([A-Za-z]+) ]]\nthen\n    UFW_SDK_PLATFORM=${BASH_REMATCH[1]}\nelse\n    echo \"Could not find platform name from SDK_NAME: $SDK_NAME\"\n    exit 1\nfi\n\nif [[ \"$SDK_NAME\" =~ ([0-9]+.*$) ]]\nthen\n\tUFW_SDK_VERSION=${BASH_REMATCH[1]}\nelse\n    echo \"Could not find sdk version  from SDK_NAME: $SDK_NAME\"\n    exit 1\nfi\n\nif [[ \"$UFW_SDK_PLATFORM\" = \"iphoneos\" ]]\nthen\n    UFW_OTHER_PLATFORM=iphonesimulator\nelse\n    UFW_OTHER_PLATFORM=iphoneos\nfi\n\nif [[ \"$BUILT_PRODUCTS_DIR\" =~ (.*)$UFW_SDK_PLATFORM$ ]]\nthen\n    UFW_OTHER_BUILT_PRODUCTS_DIR=\"${BASH_REMATCH[1]}${UFW_OTHER_PLATFORM}\"\nelse\n    echo \"Could not find $UFW_SDK_PLATFORM in $BUILT_PRODUCTS_DIR\"\n    exit 1\nfi\n\nONLY_ACTIVE_PLATFORM=${ONLY_ACTIVE_PLATFORM:-$ONLY_ACTIVE_ARCH}\n\n# Short-circuit if all binaries are up to date\n\nif [[ -f \"${BUILT_PRODUCTS_DIR}/${EXECUTABLE_PATH}\" ]] && \\\n   [[ -f \"${BUILT_PRODUCTS_DIR}/${PRODUCT_NAME}.embeddedframework/${EXECUTABLE_PATH}\" ]] && \\\n   [[ ! \"${BUILT_PRODUCTS_DIR}/${EXECUTABLE_PATH}\" -nt \"${BUILT_PRODUCTS_DIR}/${PRODUCT_NAME}.embeddedframework/${EXECUTABLE_PATH}\" ]] && \\\n  ([[ \"${ONLY_ACTIVE_PLATFORM}\" == \"YES\" ]] || \\\n    ([[ -f \"${UFW_OTHER_BUILT_PRODUCTS_DIR}/${EXECUTABLE_PATH}\" ]] && \\\n     [[ -f \"${UFW_OTHER_BUILT_PRODUCTS_DIR}/${PRODUCT_NAME}.embeddedframework/${EXECUTABLE_PATH}\" ]] && \\\n     [[ ! \"${UFW_OTHER_BUILT_PRODUCTS_DIR}/${EXECUTABLE_PATH}\" -nt \"${UFW_OTHER_BUILT_PRODUCTS_DIR}/${PRODUCT_NAME}.embeddedframework/${EXECUTABLE_PATH}\" ]]\n    )\n  )\nthen\n    exit 0\nfi\n\n\n# Clean other platform if needed\n\nif [[ ! -f \"${BUILT_PRODUCTS_DIR}/${EXECUTABLE_PATH}\" ]] && [[ \"${ONLY_ACTIVE_PLATFORM}\" != \"YES\" ]]\nthen\n\techo \"Platform \\\"$UFW_SDK_PLATFORM\\\" was cleaned recently. Cleaning \\\"$UFW_OTHER_PLATFORM\\\" as well\"\n\techo xcodebuild -project \"${PROJECT_FILE_PATH}\" -target \"${TARGET_NAME}\" -configuration \"${CONFIGURATION}\" -sdk ${UFW_OTHER_PLATFORM}${UFW_SDK_VERSION} BUILD_DIR=\"${BUILD_DIR}\" CONFIGURATION_TEMP_DIR=\"${PROJECT_TEMP_DIR}/${CONFIGURATION}-${UFW_OTHER_PLATFORM}\" clean\n\txcodebuild -project \"${PROJECT_FILE_PATH}\" -target \"${TARGET_NAME}\" -configuration \"${CONFIGURATION}\" -sdk ${UFW_OTHER_PLATFORM}${UFW_SDK_VERSION} BUILD_DIR=\"${BUILD_DIR}\" CONFIGURATION_TEMP_DIR=\"${PROJECT_TEMP_DIR}/${CONFIGURATION}-${UFW_OTHER_PLATFORM}\" clean\nfi\n\n\n# Make sure we are building from fresh binaries\n\nrm -rf \"${BUILT_PRODUCTS_DIR}/${EXECUTABLE_PATH}\"\nrm -rf \"${BUILT_PRODUCTS_DIR}/${PRODUCT_NAME}.embeddedframework\"\n\nif [[ \"${ONLY_ACTIVE_PLATFORM}\" != \"YES\" ]]\nthen\n    rm -rf \"${UFW_OTHER_BUILT_PRODUCTS_DIR}/${EXECUTABLE_PATH}\"\n    rm -rf \"${UFW_OTHER_BUILT_PRODUCTS_DIR}/${PRODUCT_NAME}.embeddedframework\"\nfi\n";
		};
		00A1A8AD14A1341500355AE2 /* ShellScript */ = {
			isa = PBXShellScriptBuildPhase;
			buildActionMask = 2147483647;
			files = (
			);
			inputPaths = (
			);
			outputPaths = (
			);
			runOnlyForDeploymentPostprocessing = 0;
			shellPath = /bin/sh;
			shellScript = "set -e\n\nset +u\nif [[ $UFW_MASTER_SCRIPT_RUNNING ]]\nthen\n    # Nothing for the slave script to do\n    exit 0\nfi\nset -u\nexport UFW_MASTER_SCRIPT_RUNNING=1\n\n\n# Functions\n\n## List files in the specified directory, storing to the specified array.\n#\n# @param $1 The path to list\n# @param $2 The name of the array to fill\n#\n##\nlist_files ()\n{\n    filelist=$(ls \"$1\")\n    while read line\n    do\n        eval \"$2[\\${#$2[*]}]=\\\"\\$line\\\"\"\n    done <<< \"$filelist\"\n}\n\n\n# Sanity check\n\nif [[ ! -f \"${BUILT_PRODUCTS_DIR}/${EXECUTABLE_PATH}\" ]]\nthen\n    echo \"Framework target \\\"${TARGET_NAME}\\\" had no source files to build from. Make sure your source files have the correct target membership\"\n    exit 1\nfi\n\n\n# Gather information\n\nif [[ \"$SDK_NAME\" =~ ([A-Za-z]+) ]]\nthen\n    UFW_SDK_PLATFORM=${BASH_REMATCH[1]}\nelse\n    echo \"Could not find platform name from SDK_NAME: $SDK_NAME\"\n    exit 1\nfi\n\nif [[ \"$SDK_NAME\" =~ ([0-9]+.*$) ]]\nthen\n    UFW_SDK_VERSION=${BASH_REMATCH[1]}\nelse\n    echo \"Could not find sdk version from SDK_NAME: $SDK_NAME\"\n    exit 1\nfi\n\nif [[ \"$UFW_SDK_PLATFORM\" = \"iphoneos\" ]]\nthen\n    UFW_OTHER_PLATFORM=iphonesimulator\nelse\n    UFW_OTHER_PLATFORM=iphoneos\nfi\n\nif [[ \"$BUILT_PRODUCTS_DIR\" =~ (.*)$UFW_SDK_PLATFORM$ ]]\nthen\n    UFW_OTHER_BUILT_PRODUCTS_DIR=\"${BASH_REMATCH[1]}${UFW_OTHER_PLATFORM}\"\nelse\n    echo \"Could not find $UFW_SDK_PLATFORM in $BUILT_PRODUCTS_DIR\"\n    exit 1\nfi\n\nONLY_ACTIVE_PLATFORM=${ONLY_ACTIVE_PLATFORM:-$ONLY_ACTIVE_ARCH}\n\n# Short-circuit if all binaries are up to date.\n# We already checked the other platform in the prerun script.\n\nif [[ -f \"${BUILT_PRODUCTS_DIR}/${EXECUTABLE_PATH}\" ]] && [[ -f \"${BUILT_PRODUCTS_DIR}/${PRODUCT_NAME}.embeddedframework/${EXECUTABLE_PATH}\" ]] && [[ ! \"${BUILT_PRODUCTS_DIR}/${EXECUTABLE_PATH}\" -nt \"${BUILT_PRODUCTS_DIR}/${PRODUCT_NAME}.embeddedframework/${EXECUTABLE_PATH}\" ]]\nthen\n    exit 0\nfi\n\nif [ \"${ONLY_ACTIVE_PLATFORM}\" == \"YES\" ]\nthen\n    echo \"ONLY_ACTIVE_PLATFORM=${ONLY_ACTIVE_PLATFORM}: Skipping other platform build\"\nelse\n    # Make sure the other platform gets built\n    \n    echo \"Build other platform\"\n    \n    echo xcodebuild -project \"${PROJECT_FILE_PATH}\" -target \"${TARGET_NAME}\" -configuration \"${CONFIGURATION}\" -sdk ${UFW_OTHER_PLATFORM}${UFW_SDK_VERSION} BUILD_DIR=\"${BUILD_DIR}\" CONFIGURATION_TEMP_DIR=\"${PROJECT_TEMP_DIR}/${CONFIGURATION}-${UFW_OTHER_PLATFORM}\" $ACTION\n    xcodebuild -project \"${PROJECT_FILE_PATH}\" -target \"${TARGET_NAME}\" -configuration \"${CONFIGURATION}\" -sdk ${UFW_OTHER_PLATFORM}${UFW_SDK_VERSION} BUILD_DIR=\"${BUILD_DIR}\" CONFIGURATION_TEMP_DIR=\"${PROJECT_TEMP_DIR}/${CONFIGURATION}-${UFW_OTHER_PLATFORM}\" $ACTION\n    \n    \n    # Build the fat static library binary\n    \n    echo \"Create universal static library\"\n    \n    echo \"$PLATFORM_DEVELOPER_BIN_DIR/libtool\" -static \"${BUILT_PRODUCTS_DIR}/${EXECUTABLE_PATH}\" \"${UFW_OTHER_BUILT_PRODUCTS_DIR}/${EXECUTABLE_PATH}\" -o \"${BUILT_PRODUCTS_DIR}/${EXECUTABLE_PATH}.temp\"\n    \"$PLATFORM_DEVELOPER_BIN_DIR/libtool\" -static \"${BUILT_PRODUCTS_DIR}/${EXECUTABLE_PATH}\" \"${UFW_OTHER_BUILT_PRODUCTS_DIR}/${EXECUTABLE_PATH}\" -o \"${BUILT_PRODUCTS_DIR}/${EXECUTABLE_PATH}.temp\"\n    \n    echo mv \"${BUILT_PRODUCTS_DIR}/${EXECUTABLE_PATH}.temp\" \"${BUILT_PRODUCTS_DIR}/${EXECUTABLE_PATH}\"\n    mv \"${BUILT_PRODUCTS_DIR}/${EXECUTABLE_PATH}.temp\" \"${BUILT_PRODUCTS_DIR}/${EXECUTABLE_PATH}\"\nfi\n\n# Build embedded framework structure\n\necho \"Build Embedded Framework\"\n\necho rm -rf \"${BUILT_PRODUCTS_DIR}/${PRODUCT_NAME}.embeddedframework\"\nrm -rf \"${BUILT_PRODUCTS_DIR}/${PRODUCT_NAME}.embeddedframework\"\necho mkdir -p \"${BUILT_PRODUCTS_DIR}/${PRODUCT_NAME}.embeddedframework/Resources\"\nmkdir -p \"${BUILT_PRODUCTS_DIR}/${PRODUCT_NAME}.embeddedframework/Resources\"\necho cp -a \"${BUILT_PRODUCTS_DIR}/${WRAPPER_NAME}\" \"${BUILT_PRODUCTS_DIR}/${PRODUCT_NAME}.embeddedframework/\"\ncp -a \"${BUILT_PRODUCTS_DIR}/${WRAPPER_NAME}\" \"${BUILT_PRODUCTS_DIR}/${PRODUCT_NAME}.embeddedframework/\"\n\ndeclare -a UFW_FILE_LIST\nlist_files \"${BUILT_PRODUCTS_DIR}/${UNLOCALIZED_RESOURCES_FOLDER_PATH}\" UFW_FILE_LIST\nfor filename in \"${UFW_FILE_LIST[@]}\"\ndo\n    if [[ \"${filename}\" != \"Info.plist\" ]] && [[ ! \"${filename}\" =~ .*\\.lproj$ ]]\n    then\n        echo ln -sf \"../${WRAPPER_NAME}/Resources/${filename}\" \"${BUILT_PRODUCTS_DIR}/${PRODUCT_NAME}.embeddedframework/Resources/${filename}\"\n        ln -sf \"../${WRAPPER_NAME}/Resources/${filename}\" \"${BUILT_PRODUCTS_DIR}/${PRODUCT_NAME}.embeddedframework/Resources/${filename}\"\n    fi\ndone\n\n\nif [ \"${ONLY_ACTIVE_PLATFORM}\" != \"YES\" ]\nthen\n    # Replace other platform's framework with a copy of this one (so that both have the same universal binary)\n    \n    echo \"Copy from $UFW_SDK_PLATFORM to $UFW_OTHER_PLATFORM\"\n    \n    echo rm -rf \"${BUILD_DIR}/${CONFIGURATION}-${UFW_OTHER_PLATFORM}\"\n    rm -rf \"${BUILD_DIR}/${CONFIGURATION}-${UFW_OTHER_PLATFORM}\"\n    echo cp -a \"${BUILD_DIR}/${CONFIGURATION}-${UFW_SDK_PLATFORM}\" \"${BUILD_DIR}/${CONFIGURATION}-${UFW_OTHER_PLATFORM}\"\n    cp -a \"${BUILD_DIR}/${CONFIGURATION}-${UFW_SDK_PLATFORM}\" \"${BUILD_DIR}/${CONFIGURATION}-${UFW_OTHER_PLATFORM}\"\nfi\n";
		};
/* End PBXShellScriptBuildPhase section */

/* Begin PBXSourcesBuildPhase section */
		002EC42714A0093A0005E68D /* Sources */ = {
			isa = PBXSourcesBuildPhase;
			buildActionMask = 2147483647;
			files = (
				00935E4E14BB2CD30045F79E /* PHViewController.m in Sources */,
				00935E4D14BB2CCC0045F79E /* PHAppDelegate.m in Sources */,
				00935E4C14BB2CB50045F79E /* main.m in Sources */,
				00935E2514BB2B3C0045F79E /* PHRefreshGestureRecognizer.m in Sources */,
				00935E2814BB2B3C0045F79E /* PHRefreshTriggerView.m in Sources */,
			);
			runOnlyForDeploymentPostprocessing = 0;
		};
		00A1A8A914A1341500355AE2 /* Sources */ = {
			isa = PBXSourcesBuildPhase;
			buildActionMask = 2147483647;
			files = (
				00935E2614BB2B3C0045F79E /* PHRefreshGestureRecognizer.m in Sources */,
				00935E2914BB2B3C0045F79E /* PHRefreshTriggerView.m in Sources */,
			);
			runOnlyForDeploymentPostprocessing = 0;
		};
/* End PBXSourcesBuildPhase section */

/* Begin PBXVariantGroup section */
		00935E3914BB2B8E0045F79E /* InfoPlist.strings */ = {
			isa = PBXVariantGroup;
			children = (
				00935E3A14BB2B8E0045F79E /* en */,
			);
			name = InfoPlist.strings;
			sourceTree = "<group>";
		};
		00935E3B14BB2B8E0045F79E /* PHViewController.xib */ = {
			isa = PBXVariantGroup;
			children = (
				00935E3C14BB2B8E0045F79E /* en */,
			);
			name = PHViewController.xib;
			sourceTree = "<group>";
		};
/* End PBXVariantGroup section */

/* Begin XCBuildConfiguration section */
		002EC44714A0093A0005E68D /* Debug */ = {
			isa = XCBuildConfiguration;
			buildSettings = {
				ALWAYS_SEARCH_USER_PATHS = NO;
				ARCHS = "$(ARCHS_STANDARD_32_BIT)";
				"CODE_SIGN_IDENTITY[sdk=iphoneos*]" = "iPhone Developer";
				COPY_PHASE_STRIP = NO;
				GCC_C_LANGUAGE_STANDARD = gnu99;
				GCC_DYNAMIC_NO_PIC = NO;
				GCC_OPTIMIZATION_LEVEL = 0;
				GCC_PREPROCESSOR_DEFINITIONS = (
					"DEBUG=1",
					"$(inherited)",
				);
				GCC_SYMBOLS_PRIVATE_EXTERN = NO;
				GCC_VERSION = com.apple.compilers.llvm.clang.1_0;
				GCC_WARN_ABOUT_MISSING_PROTOTYPES = YES;
				GCC_WARN_ABOUT_RETURN_TYPE = YES;
				GCC_WARN_UNUSED_VARIABLE = YES;
				IPHONEOS_DEPLOYMENT_TARGET = 5.0;
				SDKROOT = iphoneos;
			};
			name = Debug;
		};
		002EC44814A0093A0005E68D /* Release */ = {
			isa = XCBuildConfiguration;
			buildSettings = {
				ALWAYS_SEARCH_USER_PATHS = NO;
				ARCHS = "$(ARCHS_STANDARD_32_BIT)";
				"CODE_SIGN_IDENTITY[sdk=iphoneos*]" = "iPhone Developer";
				COPY_PHASE_STRIP = YES;
				GCC_C_LANGUAGE_STANDARD = gnu99;
				GCC_VERSION = com.apple.compilers.llvm.clang.1_0;
				GCC_WARN_ABOUT_MISSING_PROTOTYPES = YES;
				GCC_WARN_ABOUT_RETURN_TYPE = YES;
				GCC_WARN_UNUSED_VARIABLE = YES;
				IPHONEOS_DEPLOYMENT_TARGET = 5.0;
				OTHER_CFLAGS = "-DNS_BLOCK_ASSERTIONS=1";
				SDKROOT = iphoneos;
				VALIDATE_PRODUCT = YES;
			};
			name = Release;
		};
		002EC44A14A0093A0005E68D /* Debug */ = {
			isa = XCBuildConfiguration;
			buildSettings = {
				GCC_PRECOMPILE_PREFIX_HEADER = YES;
				GCC_PREFIX_HEADER = "Test Application/PHRefreshTriggerView-Prefix.pch";
				INFOPLIST_FILE = "Test Application/PHRefreshTriggerView-Info.plist";
				PRODUCT_NAME = "$(TARGET_NAME)";
				WRAPPER_EXTENSION = app;
			};
			name = Debug;
		};
		002EC44B14A0093A0005E68D /* Release */ = {
			isa = XCBuildConfiguration;
			buildSettings = {
				GCC_PRECOMPILE_PREFIX_HEADER = YES;
				GCC_PREFIX_HEADER = "Test Application/PHRefreshTriggerView-Prefix.pch";
				INFOPLIST_FILE = "Test Application/PHRefreshTriggerView-Info.plist";
				PRODUCT_NAME = "$(TARGET_NAME)";
				WRAPPER_EXTENSION = app;
			};
			name = Release;
		};
		00A1A8B914A1341500355AE2 /* Debug */ = {
			isa = XCBuildConfiguration;
			buildSettings = {
				DYLIB_COMPATIBILITY_VERSION = 1;
				DYLIB_CURRENT_VERSION = 1;
				FRAMEWORK_VERSION = A;
				GCC_PRECOMPILE_PREFIX_HEADER = YES;
				GCC_PREFIX_HEADER = "Test Application/PHRefreshTriggerView-Prefix.pch";
				INFOPLIST_FILE = "Test Application/PHRefreshTriggerView-Info.plist";
				PRODUCT_NAME = "$(TARGET_NAME)";
				SKIP_INSTALL = YES;
				WRAPPER_EXTENSION = framework;
			};
			name = Debug;
		};
		00A1A8BA14A1341500355AE2 /* Release */ = {
			isa = XCBuildConfiguration;
			buildSettings = {
				DYLIB_COMPATIBILITY_VERSION = 1;
				DYLIB_CURRENT_VERSION = 1;
				FRAMEWORK_VERSION = A;
				GCC_PRECOMPILE_PREFIX_HEADER = YES;
				GCC_PREFIX_HEADER = "Test Application/PHRefreshTriggerView-Prefix.pch";
				INFOPLIST_FILE = "Test Application/PHRefreshTriggerView-Info.plist";
				PRODUCT_NAME = "$(TARGET_NAME)";
				SKIP_INSTALL = YES;
				WRAPPER_EXTENSION = framework;
			};
			name = Release;
		};
/* End XCBuildConfiguration section */

/* Begin XCConfigurationList section */
		002EC42514A0093A0005E68D /* Build configuration list for PBXProject "PHRefreshTriggerView" */ = {
			isa = XCConfigurationList;
			buildConfigurations = (
				002EC44714A0093A0005E68D /* Debug */,
				002EC44814A0093A0005E68D /* Release */,
			);
			defaultConfigurationIsVisible = 0;
			defaultConfigurationName = Release;
		};
		002EC44914A0093A0005E68D /* Build configuration list for PBXNativeTarget "Test Application" */ = {
			isa = XCConfigurationList;
			buildConfigurations = (
				002EC44A14A0093A0005E68D /* Debug */,
				002EC44B14A0093A0005E68D /* Release */,
			);
			defaultConfigurationIsVisible = 0;
			defaultConfigurationName = Release;
		};
		00A1A8B814A1341500355AE2 /* Build configuration list for PBXNativeTarget "PHRefreshGestureRecognizer" */ = {
			isa = XCConfigurationList;
			buildConfigurations = (
				00A1A8B914A1341500355AE2 /* Debug */,
				00A1A8BA14A1341500355AE2 /* Release */,
			);
			defaultConfigurationIsVisible = 0;
			defaultConfigurationName = Release;
		};
/* End XCConfigurationList section */
	};
	rootObject = 002EC42214A0093A0005E68D /* Project object */;
}
